
Microsoft Visual Studio Solution File, Format Version 12.00
# Visual Studio Version 17
VisualStudioVersion = 17.6.33829.357
MinimumVisualStudioVersion = 10.0.40219.1
Project("{FAE04EC0-301F-11D3-BF4B-00C04F79EFBC}") = "OOP4", "OOP4.csproj", "{F71D7D05-3590-4E2C-AD3D-C9F42425E6B8}"
EndProject
Global
	GlobalSection(SolutionConfigurationPlatforms) = preSolution
		Debug|Any CPU = Debug|Any CPU
		Release|Any CPU = Release|Any CPU
	EndGlobalSection
	GlobalSection(ProjectConfigurationPlatforms) = postSolution
		{F71D7D05-3590-4E2C-AD3D-C9F42425E6B8}.Debug|Any CPU.ActiveCfg = Debug|Any CPU
		{F71D7D05-3590-4E2C-AD3D-C9F42425E6B8}.Debug|Any CPU.Build.0 = Debug|Any CPU
		{F71D7D05-3590-4E2C-AD3D-C9F42425E6B8}.Release|Any CPU.ActiveCfg = Release|Any CPU
		{F71D7D05-3590-4E2C-AD3D-C9F42425E6B8}.Release|Any CPU.Build.0 = Release|Any CPU
	EndGlobalSection
	GlobalSection(SolutionProperties) = preSolution
		HideSolutionNode = FALSE
	EndGlobalSection
	GlobalSection(ExtensibilityGlobals) = postSolution
		SolutionGuid = {61E5802A-B6D9-41DA-9819-BA9AC6FD1484}
	EndGlobalSection
EndGlobal
