
Microsoft Visual Studio Solution File, Format Version 12.00
# Visual Studio Version 17
VisualStudioVersion = 17.6.33829.357
MinimumVisualStudioVersion = 10.0.40219.1
Project("{FAE04EC0-301F-11D3-BF4B-00C04F79EFBC}") = "OOP3", "OOP3.csproj", "{5C137563-33D5-4488-AFF8-0C30FBA6FC63}"
EndProject
Project("{FAE04EC0-301F-11D3-BF4B-00C04F79EFBC}") = "FactoryMethodTests", "..\FactoryMethodTests\FactoryMethodTests.csproj", "{CBBA5CEC-E766-4A75-AEA2-CAD838EA06F4}"
EndProject
Global
	GlobalSection(SolutionConfigurationPlatforms) = preSolution
		Debug|Any CPU = Debug|Any CPU
		Release|Any CPU = Release|Any CPU
	EndGlobalSection
	GlobalSection(ProjectConfigurationPlatforms) = postSolution
		{5C137563-33D5-4488-AFF8-0C30FBA6FC63}.Debug|Any CPU.ActiveCfg = Debug|Any CPU
		{5C137563-33D5-4488-AFF8-0C30FBA6FC63}.Debug|Any CPU.Build.0 = Debug|Any CPU
		{5C137563-33D5-4488-AFF8-0C30FBA6FC63}.Release|Any CPU.ActiveCfg = Release|Any CPU
		{5C137563-33D5-4488-AFF8-0C30FBA6FC63}.Release|Any CPU.Build.0 = Release|Any CPU
		{CBBA5CEC-E766-4A75-AEA2-CAD838EA06F4}.Debug|Any CPU.ActiveCfg = Debug|Any CPU
		{CBBA5CEC-E766-4A75-AEA2-CAD838EA06F4}.Debug|Any CPU.Build.0 = Debug|Any CPU
		{CBBA5CEC-E766-4A75-AEA2-CAD838EA06F4}.Release|Any CPU.ActiveCfg = Release|Any CPU
		{CBBA5CEC-E766-4A75-AEA2-CAD838EA06F4}.Release|Any CPU.Build.0 = Release|Any CPU
	EndGlobalSection
	GlobalSection(SolutionProperties) = preSolution
		HideSolutionNode = FALSE
	EndGlobalSection
	GlobalSection(ExtensibilityGlobals) = postSolution
		SolutionGuid = {9C678680-55F2-44BB-BFAC-AB0C1C7376EF}
	EndGlobalSection
EndGlobal
