
Microsoft Visual Studio Solution File, Format Version 12.00
# Visual Studio Version 17
VisualStudioVersion = 17.6.33829.357
MinimumVisualStudioVersion = 10.0.40219.1
Project("{FAE04EC0-301F-11D3-BF4B-00C04F79EFBC}") = "OOP7", "OOP7.csproj", "{6E59D802-C0B1-4A7D-A90C-32EEE8700049}"
EndProject
Global
	GlobalSection(SolutionConfigurationPlatforms) = preSolution
		Debug|Any CPU = Debug|Any CPU
		Release|Any CPU = Release|Any CPU
	EndGlobalSection
	GlobalSection(ProjectConfigurationPlatforms) = postSolution
		{6E59D802-C0B1-4A7D-A90C-32EEE8700049}.Debug|Any CPU.ActiveCfg = Debug|Any CPU
		{6E59D802-C0B1-4A7D-A90C-32EEE8700049}.Debug|Any CPU.Build.0 = Debug|Any CPU
		{6E59D802-C0B1-4A7D-A90C-32EEE8700049}.Release|Any CPU.ActiveCfg = Release|Any CPU
		{6E59D802-C0B1-4A7D-A90C-32EEE8700049}.Release|Any CPU.Build.0 = Release|Any CPU
	EndGlobalSection
	GlobalSection(SolutionProperties) = preSolution
		HideSolutionNode = FALSE
	EndGlobalSection
	GlobalSection(ExtensibilityGlobals) = postSolution
		SolutionGuid = {8996B971-F84E-4997-9C2A-5EDEACB43C4B}
	EndGlobalSection
EndGlobal
